
Microsoft Visual Studio Solution File, Format Version 12.00
# Visual Studio 15
Project("{FAE04EC0-301F-11D3-BF4B-00C04F79EFBC}") = "Assembly-CSharp", "Assembly-CSharp.csproj", "{CF8778DB-7069-2886-D311-EF43ACD5359F}"
EndProject
Project("{FAE04EC0-301F-11D3-BF4B-00C04F79EFBC}") = "Assembly-CSharp-Editor-firstpass", "Assembly-CSharp-Editor-firstpass.csproj", "{56C09C05-2627-BEF9-EB4C-DC7803BD9EE8}"
EndProject
Global
	GlobalSection(SolutionConfigurationPlatforms) = preSolution
		Debug|Any CPU = Debug|Any CPU
		Release|Any CPU = Release|Any CPU
	EndGlobalSection
	GlobalSection(ProjectConfigurationPlatforms) = postSolution
		{CF8778DB-7069-2886-D311-EF43ACD5359F}.Debug|Any CPU.ActiveCfg = Debug|Any CPU
		{CF8778DB-7069-2886-D311-EF43ACD5359F}.Debug|Any CPU.Build.0 = Debug|Any CPU
		{CF8778DB-7069-2886-D311-EF43ACD5359F}.Release|Any CPU.ActiveCfg = Release|Any CPU
		{CF8778DB-7069-2886-D311-EF43ACD5359F}.Release|Any CPU.Build.0 = Release|Any CPU
		{56C09C05-2627-BEF9-EB4C-DC7803BD9EE8}.Debug|Any CPU.ActiveCfg = Debug|Any CPU
		{56C09C05-2627-BEF9-EB4C-DC7803BD9EE8}.Debug|Any CPU.Build.0 = Debug|Any CPU
		{56C09C05-2627-BEF9-EB4C-DC7803BD9EE8}.Release|Any CPU.ActiveCfg = Release|Any CPU
		{56C09C05-2627-BEF9-EB4C-DC7803BD9EE8}.Release|Any CPU.Build.0 = Release|Any CPU
	EndGlobalSection
	GlobalSection(SolutionProperties) = preSolution
		HideSolutionNode = FALSE
	EndGlobalSection
EndGlobal
